
Microsoft Visual Studio Solution File, Format Version 12.00
# Visual Studio Version 17
VisualStudioVersion = 17.5.002.0
MinimumVisualStudioVersion = 10.0.40219.1
Project("{9A19103F-16F7-4668-BE54-9A1E7A4F7556}") = "Dotnet_Training001_task1", "Dotnet_Training001_task1\Dotnet_Training001_task1.csproj", "{D02DEE62-976D-4CFF-B154-7E001C5A58E7}"
EndProject
Project("{9A19103F-16F7-4668-BE54-9A1E7A4F7556}") = "Dotnet_Training001_task2", "Dotnet_Training001_task2\Dotnet_Training001_task2.csproj", "{BD262A18-AFC9-4A47-98B4-BEBF93BB1BD4}"
EndProject
Project("{9A19103F-16F7-4668-BE54-9A1E7A4F7556}") = "Dotnet_Training001_task3", "Dotnet_Training001_task3\Dotnet_Training001_task3.csproj", "{CBB2D7A9-7E0E-4208-A6F2-74B008D7EF24}"
EndProject
Project("{9A19103F-16F7-4668-BE54-9A1E7A4F7556}") = "Dotnet_Training001_task4", "Dotnet_Training001_task4\Dotnet_Training001_task4.csproj", "{3D626048-185F-4B3D-AE23-CCEF78F71385}"
EndProject
Project("{9A19103F-16F7-4668-BE54-9A1E7A4F7556}") = "Dotnet_Training001", "Dotnet_Training001_task5\Dotnet_Training001.csproj", "{28F4D52C-2B27-4151-9F32-538F32C0D0CB}"
EndProject
Project("{9A19103F-16F7-4668-BE54-9A1E7A4F7556}") = "Example001_HelloConsole", "Example001_HelloConsole\Example001_HelloConsole.csproj", "{B398C762-70E9-4C1D-90C6-0E9F9686B07F}"
EndProject
Project("{9A19103F-16F7-4668-BE54-9A1E7A4F7556}") = "Example002_HelloUser", "Example002_HelloUser\Example002_HelloUser.csproj", "{5A25213F-329A-4A1B-87D4-2B33825FBE49}"
EndProject
Project("{9A19103F-16F7-4668-BE54-9A1E7A4F7556}") = "Example003_Summ", "Example003_Summ\Example003_Summ.csproj", "{3AF8B343-B5CC-478A-8C30-1A7A0E730DF6}"
EndProject
Project("{9A19103F-16F7-4668-BE54-9A1E7A4F7556}") = "Example004_Div", "Example004_Div\Example004_Div.csproj", "{CB58E3F5-B526-4328-A297-B47114383E10}"
EndProject
Project("{9A19103F-16F7-4668-BE54-9A1E7A4F7556}") = "Example005_ConditionIfElse", "Example005_ConditionIfElse\Example005_ConditionIfElse.csproj", "{F4CFD756-ABD8-4E5A-92DE-AE79CC520C71}"
EndProject
Project("{9A19103F-16F7-4668-BE54-9A1E7A4F7556}") = "Example006_Base", "Example006_Base\Example006_Base.csproj", "{75B514BA-0CBD-42D7-B273-564F5442C7BA}"
EndProject
Project("{9A19103F-16F7-4668-BE54-9A1E7A4F7556}") = "Example007_Magic", "Example007_Magic\Example007_Magic.csproj", "{9EDFC36A-AC37-42DD-AECF-3A0B4E70D856}"
EndProject
Project("{9A19103F-16F7-4668-BE54-9A1E7A4F7556}") = "Homework", "Homework\Homework.csproj", "{A57D5BFF-9FE3-4089-8DDB-738DFD68823E}"
EndProject
Project("{9A19103F-16F7-4668-BE54-9A1E7A4F7556}") = "Lesson002_Array", "Lesson002_Array\Lesson002_Array.csproj", "{04B6F2E4-B1AC-4F49-9730-D88D4095F56B}"
EndProject
Project("{9A19103F-16F7-4668-BE54-9A1E7A4F7556}") = "Lesson002_Functions", "Lesson002_Functions\Lesson002_Functions.csproj", "{2E1C2969-B62D-44E0-AE5A-0460559BDFE2}"
EndProject
Project("{9A19103F-16F7-4668-BE54-9A1E7A4F7556}") = "Lesson002_Method", "Lesson002_Method\Lesson002_Method.csproj", "{94634064-50E3-4D40-BC43-66C1C6C55E76}"
EndProject
Project("{9A19103F-16F7-4668-BE54-9A1E7A4F7556}") = "Lesson003_array", "Lesson003_array\Lesson003_array.csproj", "{531BDEB1-C4D9-4902-9245-A788E3FDFDCE}"
EndProject
Project("{9A19103F-16F7-4668-BE54-9A1E7A4F7556}") = "LESSONS", "LESSONS\LESSONS.csproj", "{AFAFB95B-74FA-4A16-9A42-4F0EF4A14E98}"
EndProject
Project("{9A19103F-16F7-4668-BE54-9A1E7A4F7556}") = "Training001_HW1", "Training001_HW1\Training001_HW1.csproj", "{328108A4-922B-4BF6-BEED-341A958B467E}"
EndProject
Project("{9A19103F-16F7-4668-BE54-9A1E7A4F7556}") = "Training001_hw2", "Training001_hw2\Training001_hw2.csproj", "{6058B1B3-35B8-4F50-9187-86C007CBE6EB}"
EndProject
Project("{9A19103F-16F7-4668-BE54-9A1E7A4F7556}") = "Training001_hw3", "Training001_hw3\Training001_hw3.csproj", "{0A40A520-337C-4239-9325-66B360573B0E}"
EndProject
Project("{9A19103F-16F7-4668-BE54-9A1E7A4F7556}") = "Training001_hw4", "Training001_hw4\Training001_hw4.csproj", "{C045E5FB-9249-455C-BFCA-CC134433C446}"
EndProject
Project("{9A19103F-16F7-4668-BE54-9A1E7A4F7556}") = "Training002_ArrayLibrary", "Training002_ArrayLibrary\Training002_ArrayLibrary.csproj", "{9BBD9658-5EBA-4C80-B44A-9BF59E9C8B37}"
EndProject
Project("{9A19103F-16F7-4668-BE54-9A1E7A4F7556}") = "Training002_hw1", "Training002_hw1\Training002_hw1.csproj", "{A36A7D6A-B08E-4E07-88C8-383E886E4723}"
EndProject
Project("{9A19103F-16F7-4668-BE54-9A1E7A4F7556}") = "Training002_hw2", "Training002_hw2\Training002_hw2.csproj", "{B272FBB1-69C8-42D3-BBD3-52E677439A70}"
EndProject
Project("{9A19103F-16F7-4668-BE54-9A1E7A4F7556}") = "Training002_hw3", "Training002_hw3\Training002_hw3.csproj", "{70CC7BAD-0375-418F-8E21-07510B27AFBC}"
EndProject
Project("{9A19103F-16F7-4668-BE54-9A1E7A4F7556}") = "Training002_TASK2", "Training002_TASKS\Training002_TASK2.csproj", "{A38C5086-B7AB-451E-8ACC-3B191AC3958B}"
EndProject
Project("{9A19103F-16F7-4668-BE54-9A1E7A4F7556}") = "Training003_task1", "Training003_task1\Training003_task1.csproj", "{4F4AF6F8-AD44-4239-8A5F-EB5EABE5A5A3}"
EndProject
Project("{2150E333-8FDC-42A3-9474-1A3956D46DE8}") = "Lesson1_2024", "Lesson1_2024", "{DBA9B579-1136-4A2A-893C-A6C750DE65FA}"
EndProject
Project("{9A19103F-16F7-4668-BE54-9A1E7A4F7556}") = "Homework", "Lesson1_2024\Homework\Homework.csproj", "{1AA8205D-493A-4DE7-835C-15EAC414EAEE}"
EndProject
Project("{9A19103F-16F7-4668-BE54-9A1E7A4F7556}") = "Task2", "Lesson1_2024\Task2\Task2.csproj", "{1DFB54C3-E0BA-4AA4-B0E5-31BC60A70FDF}"
EndProject
Project("{9A19103F-16F7-4668-BE54-9A1E7A4F7556}") = "Task3", "Lesson1_2024\Task3\Task3.csproj", "{403EA78F-6908-4A24-8611-E6EB17649549}"
EndProject
Project("{9A19103F-16F7-4668-BE54-9A1E7A4F7556}") = "Task4", "Lesson1_2024\Task4\Task4.csproj", "{A97932BC-7062-4F5C-BAAB-450D1E4BA6CF}"
EndProject
Project("{9A19103F-16F7-4668-BE54-9A1E7A4F7556}") = "Task5", "Lesson1_2024\Task5\Task5.csproj", "{4652B37B-3321-437B-BFED-DE7D015D5AC1}"
EndProject
Global
	GlobalSection(SolutionConfigurationPlatforms) = preSolution
		Debug|Any CPU = Debug|Any CPU
		Release|Any CPU = Release|Any CPU
	EndGlobalSection
	GlobalSection(ProjectConfigurationPlatforms) = postSolution
		{D02DEE62-976D-4CFF-B154-7E001C5A58E7}.Debug|Any CPU.ActiveCfg = Debug|Any CPU
		{D02DEE62-976D-4CFF-B154-7E001C5A58E7}.Debug|Any CPU.Build.0 = Debug|Any CPU
		{D02DEE62-976D-4CFF-B154-7E001C5A58E7}.Release|Any CPU.ActiveCfg = Release|Any CPU
		{D02DEE62-976D-4CFF-B154-7E001C5A58E7}.Release|Any CPU.Build.0 = Release|Any CPU
		{BD262A18-AFC9-4A47-98B4-BEBF93BB1BD4}.Debug|Any CPU.ActiveCfg = Debug|Any CPU
		{BD262A18-AFC9-4A47-98B4-BEBF93BB1BD4}.Debug|Any CPU.Build.0 = Debug|Any CPU
		{BD262A18-AFC9-4A47-98B4-BEBF93BB1BD4}.Release|Any CPU.ActiveCfg = Release|Any CPU
		{BD262A18-AFC9-4A47-98B4-BEBF93BB1BD4}.Release|Any CPU.Build.0 = Release|Any CPU
		{CBB2D7A9-7E0E-4208-A6F2-74B008D7EF24}.Debug|Any CPU.ActiveCfg = Debug|Any CPU
		{CBB2D7A9-7E0E-4208-A6F2-74B008D7EF24}.Debug|Any CPU.Build.0 = Debug|Any CPU
		{CBB2D7A9-7E0E-4208-A6F2-74B008D7EF24}.Release|Any CPU.ActiveCfg = Release|Any CPU
		{CBB2D7A9-7E0E-4208-A6F2-74B008D7EF24}.Release|Any CPU.Build.0 = Release|Any CPU
		{3D626048-185F-4B3D-AE23-CCEF78F71385}.Debug|Any CPU.ActiveCfg = Debug|Any CPU
		{3D626048-185F-4B3D-AE23-CCEF78F71385}.Debug|Any CPU.Build.0 = Debug|Any CPU
		{3D626048-185F-4B3D-AE23-CCEF78F71385}.Release|Any CPU.ActiveCfg = Release|Any CPU
		{3D626048-185F-4B3D-AE23-CCEF78F71385}.Release|Any CPU.Build.0 = Release|Any CPU
		{28F4D52C-2B27-4151-9F32-538F32C0D0CB}.Debug|Any CPU.ActiveCfg = Debug|Any CPU
		{28F4D52C-2B27-4151-9F32-538F32C0D0CB}.Debug|Any CPU.Build.0 = Debug|Any CPU
		{28F4D52C-2B27-4151-9F32-538F32C0D0CB}.Release|Any CPU.ActiveCfg = Release|Any CPU
		{28F4D52C-2B27-4151-9F32-538F32C0D0CB}.Release|Any CPU.Build.0 = Release|Any CPU
		{B398C762-70E9-4C1D-90C6-0E9F9686B07F}.Debug|Any CPU.ActiveCfg = Debug|Any CPU
		{B398C762-70E9-4C1D-90C6-0E9F9686B07F}.Debug|Any CPU.Build.0 = Debug|Any CPU
		{B398C762-70E9-4C1D-90C6-0E9F9686B07F}.Release|Any CPU.ActiveCfg = Release|Any CPU
		{B398C762-70E9-4C1D-90C6-0E9F9686B07F}.Release|Any CPU.Build.0 = Release|Any CPU
		{5A25213F-329A-4A1B-87D4-2B33825FBE49}.Debug|Any CPU.ActiveCfg = Debug|Any CPU
		{5A25213F-329A-4A1B-87D4-2B33825FBE49}.Debug|Any CPU.Build.0 = Debug|Any CPU
		{5A25213F-329A-4A1B-87D4-2B33825FBE49}.Release|Any CPU.ActiveCfg = Release|Any CPU
		{5A25213F-329A-4A1B-87D4-2B33825FBE49}.Release|Any CPU.Build.0 = Release|Any CPU
		{3AF8B343-B5CC-478A-8C30-1A7A0E730DF6}.Debug|Any CPU.ActiveCfg = Debug|Any CPU
		{3AF8B343-B5CC-478A-8C30-1A7A0E730DF6}.Debug|Any CPU.Build.0 = Debug|Any CPU
		{3AF8B343-B5CC-478A-8C30-1A7A0E730DF6}.Release|Any CPU.ActiveCfg = Release|Any CPU
		{3AF8B343-B5CC-478A-8C30-1A7A0E730DF6}.Release|Any CPU.Build.0 = Release|Any CPU
		{CB58E3F5-B526-4328-A297-B47114383E10}.Debug|Any CPU.ActiveCfg = Debug|Any CPU
		{CB58E3F5-B526-4328-A297-B47114383E10}.Debug|Any CPU.Build.0 = Debug|Any CPU
		{CB58E3F5-B526-4328-A297-B47114383E10}.Release|Any CPU.ActiveCfg = Release|Any CPU
		{CB58E3F5-B526-4328-A297-B47114383E10}.Release|Any CPU.Build.0 = Release|Any CPU
		{F4CFD756-ABD8-4E5A-92DE-AE79CC520C71}.Debug|Any CPU.ActiveCfg = Debug|Any CPU
		{F4CFD756-ABD8-4E5A-92DE-AE79CC520C71}.Debug|Any CPU.Build.0 = Debug|Any CPU
		{F4CFD756-ABD8-4E5A-92DE-AE79CC520C71}.Release|Any CPU.ActiveCfg = Release|Any CPU
		{F4CFD756-ABD8-4E5A-92DE-AE79CC520C71}.Release|Any CPU.Build.0 = Release|Any CPU
		{75B514BA-0CBD-42D7-B273-564F5442C7BA}.Debug|Any CPU.ActiveCfg = Debug|Any CPU
		{75B514BA-0CBD-42D7-B273-564F5442C7BA}.Debug|Any CPU.Build.0 = Debug|Any CPU
		{75B514BA-0CBD-42D7-B273-564F5442C7BA}.Release|Any CPU.ActiveCfg = Release|Any CPU
		{75B514BA-0CBD-42D7-B273-564F5442C7BA}.Release|Any CPU.Build.0 = Release|Any CPU
		{9EDFC36A-AC37-42DD-AECF-3A0B4E70D856}.Debug|Any CPU.ActiveCfg = Debug|Any CPU
		{9EDFC36A-AC37-42DD-AECF-3A0B4E70D856}.Debug|Any CPU.Build.0 = Debug|Any CPU
		{9EDFC36A-AC37-42DD-AECF-3A0B4E70D856}.Release|Any CPU.ActiveCfg = Release|Any CPU
		{9EDFC36A-AC37-42DD-AECF-3A0B4E70D856}.Release|Any CPU.Build.0 = Release|Any CPU
		{A57D5BFF-9FE3-4089-8DDB-738DFD68823E}.Debug|Any CPU.ActiveCfg = Debug|Any CPU
		{A57D5BFF-9FE3-4089-8DDB-738DFD68823E}.Debug|Any CPU.Build.0 = Debug|Any CPU
		{A57D5BFF-9FE3-4089-8DDB-738DFD68823E}.Release|Any CPU.ActiveCfg = Release|Any CPU
		{A57D5BFF-9FE3-4089-8DDB-738DFD68823E}.Release|Any CPU.Build.0 = Release|Any CPU
		{04B6F2E4-B1AC-4F49-9730-D88D4095F56B}.Debug|Any CPU.ActiveCfg = Debug|Any CPU
		{04B6F2E4-B1AC-4F49-9730-D88D4095F56B}.Debug|Any CPU.Build.0 = Debug|Any CPU
		{04B6F2E4-B1AC-4F49-9730-D88D4095F56B}.Release|Any CPU.ActiveCfg = Release|Any CPU
		{04B6F2E4-B1AC-4F49-9730-D88D4095F56B}.Release|Any CPU.Build.0 = Release|Any CPU
		{2E1C2969-B62D-44E0-AE5A-0460559BDFE2}.Debug|Any CPU.ActiveCfg = Debug|Any CPU
		{2E1C2969-B62D-44E0-AE5A-0460559BDFE2}.Debug|Any CPU.Build.0 = Debug|Any CPU
		{2E1C2969-B62D-44E0-AE5A-0460559BDFE2}.Release|Any CPU.ActiveCfg = Release|Any CPU
		{2E1C2969-B62D-44E0-AE5A-0460559BDFE2}.Release|Any CPU.Build.0 = Release|Any CPU
		{94634064-50E3-4D40-BC43-66C1C6C55E76}.Debug|Any CPU.ActiveCfg = Debug|Any CPU
		{94634064-50E3-4D40-BC43-66C1C6C55E76}.Debug|Any CPU.Build.0 = Debug|Any CPU
		{94634064-50E3-4D40-BC43-66C1C6C55E76}.Release|Any CPU.ActiveCfg = Release|Any CPU
		{94634064-50E3-4D40-BC43-66C1C6C55E76}.Release|Any CPU.Build.0 = Release|Any CPU
		{531BDEB1-C4D9-4902-9245-A788E3FDFDCE}.Debug|Any CPU.ActiveCfg = Debug|Any CPU
		{531BDEB1-C4D9-4902-9245-A788E3FDFDCE}.Debug|Any CPU.Build.0 = Debug|Any CPU
		{531BDEB1-C4D9-4902-9245-A788E3FDFDCE}.Release|Any CPU.ActiveCfg = Release|Any CPU
		{531BDEB1-C4D9-4902-9245-A788E3FDFDCE}.Release|Any CPU.Build.0 = Release|Any CPU
		{AFAFB95B-74FA-4A16-9A42-4F0EF4A14E98}.Debug|Any CPU.ActiveCfg = Debug|Any CPU
		{AFAFB95B-74FA-4A16-9A42-4F0EF4A14E98}.Debug|Any CPU.Build.0 = Debug|Any CPU
		{AFAFB95B-74FA-4A16-9A42-4F0EF4A14E98}.Release|Any CPU.ActiveCfg = Release|Any CPU
		{AFAFB95B-74FA-4A16-9A42-4F0EF4A14E98}.Release|Any CPU.Build.0 = Release|Any CPU
		{328108A4-922B-4BF6-BEED-341A958B467E}.Debug|Any CPU.ActiveCfg = Debug|Any CPU
		{328108A4-922B-4BF6-BEED-341A958B467E}.Debug|Any CPU.Build.0 = Debug|Any CPU
		{328108A4-922B-4BF6-BEED-341A958B467E}.Release|Any CPU.ActiveCfg = Release|Any CPU
		{328108A4-922B-4BF6-BEED-341A958B467E}.Release|Any CPU.Build.0 = Release|Any CPU
		{6058B1B3-35B8-4F50-9187-86C007CBE6EB}.Debug|Any CPU.ActiveCfg = Debug|Any CPU
		{6058B1B3-35B8-4F50-9187-86C007CBE6EB}.Debug|Any CPU.Build.0 = Debug|Any CPU
		{6058B1B3-35B8-4F50-9187-86C007CBE6EB}.Release|Any CPU.ActiveCfg = Release|Any CPU
		{6058B1B3-35B8-4F50-9187-86C007CBE6EB}.Release|Any CPU.Build.0 = Release|Any CPU
		{0A40A520-337C-4239-9325-66B360573B0E}.Debug|Any CPU.ActiveCfg = Debug|Any CPU
		{0A40A520-337C-4239-9325-66B360573B0E}.Debug|Any CPU.Build.0 = Debug|Any CPU
		{0A40A520-337C-4239-9325-66B360573B0E}.Release|Any CPU.ActiveCfg = Release|Any CPU
		{0A40A520-337C-4239-9325-66B360573B0E}.Release|Any CPU.Build.0 = Release|Any CPU
		{C045E5FB-9249-455C-BFCA-CC134433C446}.Debug|Any CPU.ActiveCfg = Debug|Any CPU
		{C045E5FB-9249-455C-BFCA-CC134433C446}.Debug|Any CPU.Build.0 = Debug|Any CPU
		{C045E5FB-9249-455C-BFCA-CC134433C446}.Release|Any CPU.ActiveCfg = Release|Any CPU
		{C045E5FB-9249-455C-BFCA-CC134433C446}.Release|Any CPU.Build.0 = Release|Any CPU
		{9BBD9658-5EBA-4C80-B44A-9BF59E9C8B37}.Debug|Any CPU.ActiveCfg = Debug|Any CPU
		{9BBD9658-5EBA-4C80-B44A-9BF59E9C8B37}.Debug|Any CPU.Build.0 = Debug|Any CPU
		{9BBD9658-5EBA-4C80-B44A-9BF59E9C8B37}.Release|Any CPU.ActiveCfg = Release|Any CPU
		{9BBD9658-5EBA-4C80-B44A-9BF59E9C8B37}.Release|Any CPU.Build.0 = Release|Any CPU
		{A36A7D6A-B08E-4E07-88C8-383E886E4723}.Debug|Any CPU.ActiveCfg = Debug|Any CPU
		{A36A7D6A-B08E-4E07-88C8-383E886E4723}.Debug|Any CPU.Build.0 = Debug|Any CPU
		{A36A7D6A-B08E-4E07-88C8-383E886E4723}.Release|Any CPU.ActiveCfg = Release|Any CPU
		{A36A7D6A-B08E-4E07-88C8-383E886E4723}.Release|Any CPU.Build.0 = Release|Any CPU
		{B272FBB1-69C8-42D3-BBD3-52E677439A70}.Debug|Any CPU.ActiveCfg = Debug|Any CPU
		{B272FBB1-69C8-42D3-BBD3-52E677439A70}.Debug|Any CPU.Build.0 = Debug|Any CPU
		{B272FBB1-69C8-42D3-BBD3-52E677439A70}.Release|Any CPU.ActiveCfg = Release|Any CPU
		{B272FBB1-69C8-42D3-BBD3-52E677439A70}.Release|Any CPU.Build.0 = Release|Any CPU
		{70CC7BAD-0375-418F-8E21-07510B27AFBC}.Debug|Any CPU.ActiveCfg = Debug|Any CPU
		{70CC7BAD-0375-418F-8E21-07510B27AFBC}.Debug|Any CPU.Build.0 = Debug|Any CPU
		{70CC7BAD-0375-418F-8E21-07510B27AFBC}.Release|Any CPU.ActiveCfg = Release|Any CPU
		{70CC7BAD-0375-418F-8E21-07510B27AFBC}.Release|Any CPU.Build.0 = Release|Any CPU
		{A38C5086-B7AB-451E-8ACC-3B191AC3958B}.Debug|Any CPU.ActiveCfg = Debug|Any CPU
		{A38C5086-B7AB-451E-8ACC-3B191AC3958B}.Debug|Any CPU.Build.0 = Debug|Any CPU
		{A38C5086-B7AB-451E-8ACC-3B191AC3958B}.Release|Any CPU.ActiveCfg = Release|Any CPU
		{A38C5086-B7AB-451E-8ACC-3B191AC3958B}.Release|Any CPU.Build.0 = Release|Any CPU
		{4F4AF6F8-AD44-4239-8A5F-EB5EABE5A5A3}.Debug|Any CPU.ActiveCfg = Debug|Any CPU
		{4F4AF6F8-AD44-4239-8A5F-EB5EABE5A5A3}.Debug|Any CPU.Build.0 = Debug|Any CPU
		{4F4AF6F8-AD44-4239-8A5F-EB5EABE5A5A3}.Release|Any CPU.ActiveCfg = Release|Any CPU
		{4F4AF6F8-AD44-4239-8A5F-EB5EABE5A5A3}.Release|Any CPU.Build.0 = Release|Any CPU
		{1AA8205D-493A-4DE7-835C-15EAC414EAEE}.Debug|Any CPU.ActiveCfg = Debug|Any CPU
		{1AA8205D-493A-4DE7-835C-15EAC414EAEE}.Debug|Any CPU.Build.0 = Debug|Any CPU
		{1AA8205D-493A-4DE7-835C-15EAC414EAEE}.Release|Any CPU.ActiveCfg = Release|Any CPU
		{1AA8205D-493A-4DE7-835C-15EAC414EAEE}.Release|Any CPU.Build.0 = Release|Any CPU
		{1DFB54C3-E0BA-4AA4-B0E5-31BC60A70FDF}.Debug|Any CPU.ActiveCfg = Debug|Any CPU
		{1DFB54C3-E0BA-4AA4-B0E5-31BC60A70FDF}.Debug|Any CPU.Build.0 = Debug|Any CPU
		{1DFB54C3-E0BA-4AA4-B0E5-31BC60A70FDF}.Release|Any CPU.ActiveCfg = Release|Any CPU
		{1DFB54C3-E0BA-4AA4-B0E5-31BC60A70FDF}.Release|Any CPU.Build.0 = Release|Any CPU
		{403EA78F-6908-4A24-8611-E6EB17649549}.Debug|Any CPU.ActiveCfg = Debug|Any CPU
		{403EA78F-6908-4A24-8611-E6EB17649549}.Debug|Any CPU.Build.0 = Debug|Any CPU
		{403EA78F-6908-4A24-8611-E6EB17649549}.Release|Any CPU.ActiveCfg = Release|Any CPU
		{403EA78F-6908-4A24-8611-E6EB17649549}.Release|Any CPU.Build.0 = Release|Any CPU
		{A97932BC-7062-4F5C-BAAB-450D1E4BA6CF}.Debug|Any CPU.ActiveCfg = Debug|Any CPU
		{A97932BC-7062-4F5C-BAAB-450D1E4BA6CF}.Debug|Any CPU.Build.0 = Debug|Any CPU
		{A97932BC-7062-4F5C-BAAB-450D1E4BA6CF}.Release|Any CPU.ActiveCfg = Release|Any CPU
		{A97932BC-7062-4F5C-BAAB-450D1E4BA6CF}.Release|Any CPU.Build.0 = Release|Any CPU
		{4652B37B-3321-437B-BFED-DE7D015D5AC1}.Debug|Any CPU.ActiveCfg = Debug|Any CPU
		{4652B37B-3321-437B-BFED-DE7D015D5AC1}.Debug|Any CPU.Build.0 = Debug|Any CPU
		{4652B37B-3321-437B-BFED-DE7D015D5AC1}.Release|Any CPU.ActiveCfg = Release|Any CPU
		{4652B37B-3321-437B-BFED-DE7D015D5AC1}.Release|Any CPU.Build.0 = Release|Any CPU
	EndGlobalSection
	GlobalSection(SolutionProperties) = preSolution
		HideSolutionNode = FALSE
	EndGlobalSection
	GlobalSection(NestedProjects) = preSolution
		{1AA8205D-493A-4DE7-835C-15EAC414EAEE} = {DBA9B579-1136-4A2A-893C-A6C750DE65FA}
		{1DFB54C3-E0BA-4AA4-B0E5-31BC60A70FDF} = {DBA9B579-1136-4A2A-893C-A6C750DE65FA}
		{403EA78F-6908-4A24-8611-E6EB17649549} = {DBA9B579-1136-4A2A-893C-A6C750DE65FA}
		{A97932BC-7062-4F5C-BAAB-450D1E4BA6CF} = {DBA9B579-1136-4A2A-893C-A6C750DE65FA}
		{4652B37B-3321-437B-BFED-DE7D015D5AC1} = {DBA9B579-1136-4A2A-893C-A6C750DE65FA}
	EndGlobalSection
	GlobalSection(ExtensibilityGlobals) = postSolution
		SolutionGuid = {B5B79A95-14C5-40E9-95EA-0E31B7F66F4A}
	EndGlobalSection
EndGlobal
